
Microsoft Visual Studio Solution File, Format Version 12.00
# Visual Studio 15
VisualStudioVersion = 15.0.28307.136
MinimumVisualStudioVersion = 10.0.40219.1
Project("{F184B08F-C81C-45F6-A57F-5ABD9991F28F}") = "Lab9LINQ", "Lab9LINQ\Lab9LINQ.vbproj", "{5DEBF4B4-656C-4074-AF8D-534806E11F04}"
EndProject
Global
	GlobalSection(SolutionConfigurationPlatforms) = preSolution
		Debug|Any CPU = Debug|Any CPU
		Release|Any CPU = Release|Any CPU
	EndGlobalSection
	GlobalSection(ProjectConfigurationPlatforms) = postSolution
		{5DEBF4B4-656C-4074-AF8D-534806E11F04}.Debug|Any CPU.ActiveCfg = Debug|Any CPU
		{5DEBF4B4-656C-4074-AF8D-534806E11F04}.Debug|Any CPU.Build.0 = Debug|Any CPU
		{5DEBF4B4-656C-4074-AF8D-534806E11F04}.Release|Any CPU.ActiveCfg = Release|Any CPU
		{5DEBF4B4-656C-4074-AF8D-534806E11F04}.Release|Any CPU.Build.0 = Release|Any CPU
	EndGlobalSection
	GlobalSection(SolutionProperties) = preSolution
		HideSolutionNode = FALSE
	EndGlobalSection
	GlobalSection(ExtensibilityGlobals) = postSolution
		SolutionGuid = {8E20F9E6-67D9-4D18-B0A2-D9C9B101335E}
	EndGlobalSection
EndGlobal
